# This file is automatically @generated by Cargo.
# It is not intended for manual editing.
version = 4

[[package]]
name = "sembra-api"
version = "0.1.0"

[[package]]
name = "sembra-cache"
version = "0.1.0"

[[package]]
name = "sembra-core"
version = "0.1.0"

[[package]]
name = "sembra-graph"
version = "0.1.0"

[[package]]
name = "sembra-storage"
version = "0.1.0"

[[package]]
name = "sembra-types"
version = "0.1.0"
